
Microsoft Visual Studio Solution File, Format Version 12.00
# Visual Studio Version 17
VisualStudioVersion = 17.4.33213.308
MinimumVisualStudioVersion = 10.0.40219.1
Project("{FAE04EC0-301F-11D3-BF4B-00C04F79EFBC}") = "ImplementSwaggerUIDemo", "ImplementSwaggerUIDemo\ImplementSwaggerUIDemo.csproj", "{D9007C6A-9F7D-4EF6-B80E-F8F48ADB27BB}"
EndProject
Global
	GlobalSection(SolutionConfigurationPlatforms) = preSolution
		Debug|Any CPU = Debug|Any CPU
		Release|Any CPU = Release|Any CPU
	EndGlobalSection
	GlobalSection(ProjectConfigurationPlatforms) = postSolution
		{D9007C6A-9F7D-4EF6-B80E-F8F48ADB27BB}.Debug|Any CPU.ActiveCfg = Debug|Any CPU
		{D9007C6A-9F7D-4EF6-B80E-F8F48ADB27BB}.Debug|Any CPU.Build.0 = Debug|Any CPU
		{D9007C6A-9F7D-4EF6-B80E-F8F48ADB27BB}.Release|Any CPU.ActiveCfg = Release|Any CPU
		{D9007C6A-9F7D-4EF6-B80E-F8F48ADB27BB}.Release|Any CPU.Build.0 = Release|Any CPU
	EndGlobalSection
	GlobalSection(SolutionProperties) = preSolution
		HideSolutionNode = FALSE
	EndGlobalSection
	GlobalSection(ExtensibilityGlobals) = postSolution
		SolutionGuid = {C5A237AF-7520-4EAC-82FF-26D5993353D6}
	EndGlobalSection
EndGlobal
